
Microsoft Visual Studio Solution File, Format Version 12.00
Project("{FAE04EC0-301F-11D3-BF4B-00C04F79EFBC}") = "UrlShortener.Web", "UrlShortener.Web\UrlShortener.Web.csproj", "{598D675C-F1BC-4BAD-9A1E-DFEB667E2D96}"
EndProject
Project("{2150E333-8FDC-42A3-9474-1A3956D46DE8}") = "Solution Items", "Solution Items", "{B5983B72-F5B2-47AD-8203-C6DA21AE81BA}"
	ProjectSection(SolutionItems) = preProject
		compose.yaml = compose.yaml
	EndProjectSection
EndProject
Project("{FAE04EC0-301F-11D3-BF4B-00C04F79EFBC}") = "UrlShortener.Web.Tests", "UrlShortener.Web.Tests\UrlShortener.Web.Tests.csproj", "{26B87569-A3BB-43FC-A456-3290D85EEA57}"
EndProject
Global
	GlobalSection(SolutionConfigurationPlatforms) = preSolution
		Debug|Any CPU = Debug|Any CPU
		Release|Any CPU = Release|Any CPU
	EndGlobalSection
	GlobalSection(ProjectConfigurationPlatforms) = postSolution
		{598D675C-F1BC-4BAD-9A1E-DFEB667E2D96}.Debug|Any CPU.ActiveCfg = Debug|Any CPU
		{598D675C-F1BC-4BAD-9A1E-DFEB667E2D96}.Debug|Any CPU.Build.0 = Debug|Any CPU
		{598D675C-F1BC-4BAD-9A1E-DFEB667E2D96}.Release|Any CPU.ActiveCfg = Release|Any CPU
		{598D675C-F1BC-4BAD-9A1E-DFEB667E2D96}.Release|Any CPU.Build.0 = Release|Any CPU
		{26B87569-A3BB-43FC-A456-3290D85EEA57}.Debug|Any CPU.ActiveCfg = Debug|Any CPU
		{26B87569-A3BB-43FC-A456-3290D85EEA57}.Debug|Any CPU.Build.0 = Debug|Any CPU
		{26B87569-A3BB-43FC-A456-3290D85EEA57}.Release|Any CPU.ActiveCfg = Release|Any CPU
		{26B87569-A3BB-43FC-A456-3290D85EEA57}.Release|Any CPU.Build.0 = Release|Any CPU
	EndGlobalSection
EndGlobal
